<?xml version="1.0" encoding="UTF-8"?>
<CodeBlocks_project_file>
	<FileVersion major="1" minor="6"/>
	<Project>
		<Option title="B3b"/>
		<Option makefile_is_custom="1"/>
		<Option compiler="gcc"/>
		<Option virtualFolders="CMake Files\;CMake Files\..\;CMake Files\..\..\;CMake Files\..\..\..\;CMake Files\..\..\..\..\;CMake Files\..\..\..\..\geant4install\;CMake Files\..\..\..\..\geant4install\lib\;CMake Files\..\..\..\..\geant4install\lib\Geant4-10.6.1\;CMake Files\..\..\..\..\geant4install\lib\Geant4-10.6.1\Modules\;"/>
		<Build>
			<Target title="all">
				<Option working_dir="/home/lubuntu/phong/geant4hus/dev/build-B3b-radpro-Desktop-Default"/>
				<Option type="4"/>
				<MakeCommands>
					<Build command="/usr/bin/make -j2 -f &quot;/home/lubuntu/phong/geant4hus/dev/build-B3b-radpro-Desktop-Default/Makefile&quot;  VERBOSE=1 all"/>
					<CompileFile command="/usr/bin/make -j2 -f &quot;/home/lubuntu/phong/geant4hus/dev/build-B3b-radpro-Desktop-Default/Makefile&quot;  VERBOSE=1 &quot;$file&quot;"/>
					<Clean command="/usr/bin/make -j2 -f &quot;/home/lubuntu/phong/geant4hus/dev/build-B3b-radpro-Desktop-Default/Makefile&quot;  VERBOSE=1 clean"/>
					<DistClean command="/usr/bin/make -j2 -f &quot;/home/lubuntu/phong/geant4hus/dev/build-B3b-radpro-Desktop-Default/Makefile&quot;  VERBOSE=1 clean"/>
				</MakeCommands>
			</Target>
			<Target title="install/strip">
				<Option working_dir="/home/lubuntu/phong/geant4hus/dev/build-B3b-radpro-Desktop-Default"/>
				<Option type="4"/>
				<MakeCommands>
					<Build command="/usr/bin/make -j2 -f &quot;/home/lubuntu/phong/geant4hus/dev/build-B3b-radpro-Desktop-Default/Makefile&quot;  VERBOSE=1 install/strip"/>
					<CompileFile command="/usr/bin/make -j2 -f &quot;/home/lubuntu/phong/geant4hus/dev/build-B3b-radpro-Desktop-Default/Makefile&quot;  VERBOSE=1 &quot;$file&quot;"/>
					<Clean command="/usr/bin/make -j2 -f &quot;/home/lubuntu/phong/geant4hus/dev/build-B3b-radpro-Desktop-Default/Makefile&quot;  VERBOSE=1 clean"/>
					<DistClean command="/usr/bin/make -j2 -f &quot;/home/lubuntu/phong/geant4hus/dev/build-B3b-radpro-Desktop-Default/Makefile&quot;  VERBOSE=1 clean"/>
				</MakeCommands>
			</Target>
			<Target title="install/local">
				<Option working_dir="/home/lubuntu/phong/geant4hus/dev/build-B3b-radpro-Desktop-Default"/>
				<Option type="4"/>
				<MakeCommands>
					<Build command="/usr/bin/make -j2 -f &quot;/home/lubuntu/phong/geant4hus/dev/build-B3b-radpro-Desktop-Default/Makefile&quot;  VERBOSE=1 install/local"/>
					<CompileFile command="/usr/bin/make -j2 -f &quot;/home/lubuntu/phong/geant4hus/dev/build-B3b-radpro-Desktop-Default/Makefile&quot;  VERBOSE=1 &quot;$file&quot;"/>
					<Clean command="/usr/bin/make -j2 -f &quot;/home/lubuntu/phong/geant4hus/dev/build-B3b-radpro-Desktop-Default/Makefile&quot;  VERBOSE=1 clean"/>
					<DistClean command="/usr/bin/make -j2 -f &quot;/home/lubuntu/phong/geant4hus/dev/build-B3b-radpro-Desktop-Default/Makefile&quot;  VERBOSE=1 clean"/>
				</MakeCommands>
			</Target>
			<Target title="B3b">
				<Option working_dir="/home/lubuntu/phong/geant4hus/dev/build-B3b-radpro-Desktop-Default"/>
				<Option type="4"/>
				<MakeCommands>
					<Build command="/usr/bin/make -j2 -f &quot;/home/lubuntu/phong/geant4hus/dev/build-B3b-radpro-Desktop-Default/Makefile&quot;  VERBOSE=1 B3b"/>
					<CompileFile command="/usr/bin/make -j2 -f &quot;/home/lubuntu/phong/geant4hus/dev/build-B3b-radpro-Desktop-Default/Makefile&quot;  VERBOSE=1 &quot;$file&quot;"/>
					<Clean command="/usr/bin/make -j2 -f &quot;/home/lubuntu/phong/geant4hus/dev/build-B3b-radpro-Desktop-Default/Makefile&quot;  VERBOSE=1 clean"/>
					<DistClean command="/usr/bin/make -j2 -f &quot;/home/lubuntu/phong/geant4hus/dev/build-B3b-radpro-Desktop-Default/Makefile&quot;  VERBOSE=1 clean"/>
				</MakeCommands>
			</Target>
			<Target title="list_install_components">
				<Option working_dir="/home/lubuntu/phong/geant4hus/dev/build-B3b-radpro-Desktop-Default"/>
				<Option type="4"/>
				<MakeCommands>
					<Build command="/usr/bin/make -j2 -f &quot;/home/lubuntu/phong/geant4hus/dev/build-B3b-radpro-Desktop-Default/Makefile&quot;  VERBOSE=1 list_install_components"/>
					<CompileFile command="/usr/bin/make -j2 -f &quot;/home/lubuntu/phong/geant4hus/dev/build-B3b-radpro-Desktop-Default/Makefile&quot;  VERBOSE=1 &quot;$file&quot;"/>
					<Clean command="/usr/bin/make -j2 -f &quot;/home/lubuntu/phong/geant4hus/dev/build-B3b-radpro-Desktop-Default/Makefile&quot;  VERBOSE=1 clean"/>
					<DistClean command="/usr/bin/make -j2 -f &quot;/home/lubuntu/phong/geant4hus/dev/build-B3b-radpro-Desktop-Default/Makefile&quot;  VERBOSE=1 clean"/>
				</MakeCommands>
			</Target>
			<Target title="exampleB3b">
				<Option output="/home/lubuntu/phong/geant4hus/dev/build-B3b-radpro-Desktop-Default/exampleB3b" prefix_auto="0" extension_auto="0"/>
				<Option working_dir="/home/lubuntu/phong/geant4hus/dev/build-B3b-radpro-Desktop-Default"/>
				<Option object_output="./"/>
				<Option type="1"/>
				<Option compiler="gcc"/>
				<Compiler>
					<Add option="-DG4UI_USE_TCSH"/>
					<Add option="-DG4INTY_USE_XT"/>
					<Add option="-DG4VIS_USE_RAYTRACERX"/>
					<Add option="-DG4INTY_USE_QT"/>
					<Add option="-DG4UI_USE_QT"/>
					<Add option="-DG4VIS_USE_OPENGLQT"/>
					<Add option="-DG4UI_USE_XM"/>
					<Add option="-DG4VIS_USE_OPENGLXM"/>
					<Add option="-DG4VIS_USE_OPENGLX"/>
					<Add option="-DG4VIS_USE_OPENGL"/>
					<Add option="-DG4LIB_BUILD_DLL"/>
					<Add option="-DQT_GUI_LIB"/>
					<Add option="-DQT_CORE_LIB"/>
					<Add option="-DQT_NO_DEBUG"/>
					<Add option="-DQT_OPENGL_LIB"/>
					<Add directory="/home/lubuntu/geant4install/include/Geant4"/>
					<Add directory="/home/lubuntu/phong/geant4hus/dev/B3b-radpro/include"/>
					<Add directory="/usr/include/qt4/QtGui"/>
					<Add directory="/usr/include/qt4/QtCore"/>
					<Add directory="/usr/share/qt4/mkspecs/default"/>
					<Add directory="/usr/include/qt4"/>
					<Add directory="/usr/include/qt4/QtOpenGL"/>
					<Add directory="/usr/include/c++/7"/>
					<Add directory="/usr/include/x86_64-linux-gnu/c++/7"/>
					<Add directory="/usr/include/c++/7/backward"/>
					<Add directory="/usr/lib/gcc/x86_64-linux-gnu/7/include"/>
					<Add directory="/usr/local/include"/>
					<Add directory="/usr/lib/gcc/x86_64-linux-gnu/7/include-fixed"/>
					<Add directory="/usr/include/x86_64-linux-gnu"/>
					<Add directory="/usr/include"/>
				</Compiler>
				<MakeCommands>
					<Build command="/usr/bin/make -j2 -f &quot;/home/lubuntu/phong/geant4hus/dev/build-B3b-radpro-Desktop-Default/Makefile&quot;  VERBOSE=1 exampleB3b"/>
					<CompileFile command="/usr/bin/make -j2 -f &quot;/home/lubuntu/phong/geant4hus/dev/build-B3b-radpro-Desktop-Default/Makefile&quot;  VERBOSE=1 &quot;$file&quot;"/>
					<Clean command="/usr/bin/make -j2 -f &quot;/home/lubuntu/phong/geant4hus/dev/build-B3b-radpro-Desktop-Default/Makefile&quot;  VERBOSE=1 clean"/>
					<DistClean command="/usr/bin/make -j2 -f &quot;/home/lubuntu/phong/geant4hus/dev/build-B3b-radpro-Desktop-Default/Makefile&quot;  VERBOSE=1 clean"/>
				</MakeCommands>
			</Target>
			<Target title="exampleB3b/fast">
				<Option output="/home/lubuntu/phong/geant4hus/dev/build-B3b-radpro-Desktop-Default/exampleB3b" prefix_auto="0" extension_auto="0"/>
				<Option working_dir="/home/lubuntu/phong/geant4hus/dev/build-B3b-radpro-Desktop-Default"/>
				<Option object_output="./"/>
				<Option type="1"/>
				<Option compiler="gcc"/>
				<Compiler>
					<Add option="-DG4UI_USE_TCSH"/>
					<Add option="-DG4INTY_USE_XT"/>
					<Add option="-DG4VIS_USE_RAYTRACERX"/>
					<Add option="-DG4INTY_USE_QT"/>
					<Add option="-DG4UI_USE_QT"/>
					<Add option="-DG4VIS_USE_OPENGLQT"/>
					<Add option="-DG4UI_USE_XM"/>
					<Add option="-DG4VIS_USE_OPENGLXM"/>
					<Add option="-DG4VIS_USE_OPENGLX"/>
					<Add option="-DG4VIS_USE_OPENGL"/>
					<Add option="-DG4LIB_BUILD_DLL"/>
					<Add option="-DQT_GUI_LIB"/>
					<Add option="-DQT_CORE_LIB"/>
					<Add option="-DQT_NO_DEBUG"/>
					<Add option="-DQT_OPENGL_LIB"/>
					<Add directory="/home/lubuntu/geant4install/include/Geant4"/>
					<Add directory="/home/lubuntu/phong/geant4hus/dev/B3b-radpro/include"/>
					<Add directory="/usr/include/qt4/QtGui"/>
					<Add directory="/usr/include/qt4/QtCore"/>
					<Add directory="/usr/share/qt4/mkspecs/default"/>
					<Add directory="/usr/include/qt4"/>
					<Add directory="/usr/include/qt4/QtOpenGL"/>
					<Add directory="/usr/include/c++/7"/>
					<Add directory="/usr/include/x86_64-linux-gnu/c++/7"/>
					<Add directory="/usr/include/c++/7/backward"/>
					<Add directory="/usr/lib/gcc/x86_64-linux-gnu/7/include"/>
					<Add directory="/usr/local/include"/>
					<Add directory="/usr/lib/gcc/x86_64-linux-gnu/7/include-fixed"/>
					<Add directory="/usr/include/x86_64-linux-gnu"/>
					<Add directory="/usr/include"/>
				</Compiler>
				<MakeCommands>
					<Build command="/usr/bin/make -j2 -f &quot;/home/lubuntu/phong/geant4hus/dev/build-B3b-radpro-Desktop-Default/Makefile&quot;  VERBOSE=1 exampleB3b/fast"/>
					<CompileFile command="/usr/bin/make -j2 -f &quot;/home/lubuntu/phong/geant4hus/dev/build-B3b-radpro-Desktop-Default/Makefile&quot;  VERBOSE=1 &quot;$file&quot;"/>
					<Clean command="/usr/bin/make -j2 -f &quot;/home/lubuntu/phong/geant4hus/dev/build-B3b-radpro-Desktop-Default/Makefile&quot;  VERBOSE=1 clean"/>
					<DistClean command="/usr/bin/make -j2 -f &quot;/home/lubuntu/phong/geant4hus/dev/build-B3b-radpro-Desktop-Default/Makefile&quot;  VERBOSE=1 clean"/>
				</MakeCommands>
			</Target>
			<Target title="edit_cache">
				<Option working_dir="/home/lubuntu/phong/geant4hus/dev/build-B3b-radpro-Desktop-Default"/>
				<Option type="4"/>
				<MakeCommands>
					<Build command="/usr/bin/make -j2 -f &quot;/home/lubuntu/phong/geant4hus/dev/build-B3b-radpro-Desktop-Default/Makefile&quot;  VERBOSE=1 edit_cache"/>
					<CompileFile command="/usr/bin/make -j2 -f &quot;/home/lubuntu/phong/geant4hus/dev/build-B3b-radpro-Desktop-Default/Makefile&quot;  VERBOSE=1 &quot;$file&quot;"/>
					<Clean command="/usr/bin/make -j2 -f &quot;/home/lubuntu/phong/geant4hus/dev/build-B3b-radpro-Desktop-Default/Makefile&quot;  VERBOSE=1 clean"/>
					<DistClean command="/usr/bin/make -j2 -f &quot;/home/lubuntu/phong/geant4hus/dev/build-B3b-radpro-Desktop-Default/Makefile&quot;  VERBOSE=1 clean"/>
				</MakeCommands>
			</Target>
			<Target title="rebuild_cache">
				<Option working_dir="/home/lubuntu/phong/geant4hus/dev/build-B3b-radpro-Desktop-Default"/>
				<Option type="4"/>
				<MakeCommands>
					<Build command="/usr/bin/make -j2 -f &quot;/home/lubuntu/phong/geant4hus/dev/build-B3b-radpro-Desktop-Default/Makefile&quot;  VERBOSE=1 rebuild_cache"/>
					<CompileFile command="/usr/bin/make -j2 -f &quot;/home/lubuntu/phong/geant4hus/dev/build-B3b-radpro-Desktop-Default/Makefile&quot;  VERBOSE=1 &quot;$file&quot;"/>
					<Clean command="/usr/bin/make -j2 -f &quot;/home/lubuntu/phong/geant4hus/dev/build-B3b-radpro-Desktop-Default/Makefile&quot;  VERBOSE=1 clean"/>
					<DistClean command="/usr/bin/make -j2 -f &quot;/home/lubuntu/phong/geant4hus/dev/build-B3b-radpro-Desktop-Default/Makefile&quot;  VERBOSE=1 clean"/>
				</MakeCommands>
			</Target>
			<Target title="install">
				<Option working_dir="/home/lubuntu/phong/geant4hus/dev/build-B3b-radpro-Desktop-Default"/>
				<Option type="4"/>
				<MakeCommands>
					<Build command="/usr/bin/make -j2 -f &quot;/home/lubuntu/phong/geant4hus/dev/build-B3b-radpro-Desktop-Default/Makefile&quot;  VERBOSE=1 install"/>
					<CompileFile command="/usr/bin/make -j2 -f &quot;/home/lubuntu/phong/geant4hus/dev/build-B3b-radpro-Desktop-Default/Makefile&quot;  VERBOSE=1 &quot;$file&quot;"/>
					<Clean command="/usr/bin/make -j2 -f &quot;/home/lubuntu/phong/geant4hus/dev/build-B3b-radpro-Desktop-Default/Makefile&quot;  VERBOSE=1 clean"/>
					<DistClean command="/usr/bin/make -j2 -f &quot;/home/lubuntu/phong/geant4hus/dev/build-B3b-radpro-Desktop-Default/Makefile&quot;  VERBOSE=1 clean"/>
				</MakeCommands>
			</Target>
		</Build>
		<Unit filename="/home/lubuntu/phong/geant4hus/dev/B3b-radpro/exampleB3b.cc">
			<Option target="exampleB3b"/>
		</Unit>
		<Unit filename="/home/lubuntu/phong/geant4hus/dev/B3b-radpro/include/B3Analysis.hh">
			<Option target="exampleB3b"/>
		</Unit>
		<Unit filename="/home/lubuntu/phong/geant4hus/dev/B3b-radpro/include/B3DetectorConstruction.hh">
			<Option target="exampleB3b"/>
		</Unit>
		<Unit filename="/home/lubuntu/phong/geant4hus/dev/B3b-radpro/include/B3PhysicsList.hh">
			<Option target="exampleB3b"/>
		</Unit>
		<Unit filename="/home/lubuntu/phong/geant4hus/dev/B3b-radpro/include/B3PrimaryGeneratorAction.hh">
			<Option target="exampleB3b"/>
		</Unit>
		<Unit filename="/home/lubuntu/phong/geant4hus/dev/B3b-radpro/include/B3StackingAction.hh">
			<Option target="exampleB3b"/>
		</Unit>
		<Unit filename="/home/lubuntu/phong/geant4hus/dev/B3b-radpro/include/B3bActionInitialization.hh">
			<Option target="exampleB3b"/>
		</Unit>
		<Unit filename="/home/lubuntu/phong/geant4hus/dev/B3b-radpro/include/B3bRun.hh">
			<Option target="exampleB3b"/>
		</Unit>
		<Unit filename="/home/lubuntu/phong/geant4hus/dev/B3b-radpro/include/B3bRunAction.hh">
			<Option target="exampleB3b"/>
		</Unit>
		<Unit filename="/home/lubuntu/phong/geant4hus/dev/B3b-radpro/src/B3DetectorConstruction.cc">
			<Option target="exampleB3b"/>
		</Unit>
		<Unit filename="/home/lubuntu/phong/geant4hus/dev/B3b-radpro/src/B3PhysicsList.cc">
			<Option target="exampleB3b"/>
		</Unit>
		<Unit filename="/home/lubuntu/phong/geant4hus/dev/B3b-radpro/src/B3PrimaryGeneratorAction.cc">
			<Option target="exampleB3b"/>
		</Unit>
		<Unit filename="/home/lubuntu/phong/geant4hus/dev/B3b-radpro/src/B3StackingAction.cc">
			<Option target="exampleB3b"/>
		</Unit>
		<Unit filename="/home/lubuntu/phong/geant4hus/dev/B3b-radpro/src/B3bActionInitialization.cc">
			<Option target="exampleB3b"/>
		</Unit>
		<Unit filename="/home/lubuntu/phong/geant4hus/dev/B3b-radpro/src/B3bRun.cc">
			<Option target="exampleB3b"/>
		</Unit>
		<Unit filename="/home/lubuntu/phong/geant4hus/dev/B3b-radpro/src/B3bRunAction.cc">
			<Option target="exampleB3b"/>
		</Unit>
		<Unit filename="/home/lubuntu/phong/geant4hus/dev/B3b-radpro/CMakeLists.txt">
			<Option virtualFolder="CMake Files\"/>
		</Unit>
		<Unit filename="/home/lubuntu/phong/geant4hus/dev/B3b-radpro/debug.mac">
			<Option virtualFolder="CMake Files\"/>
		</Unit>
		<Unit filename="/home/lubuntu/phong/geant4hus/dev/B3b-radpro/exampleB3.in">
			<Option virtualFolder="CMake Files\"/>
		</Unit>
		<Unit filename="/home/lubuntu/phong/geant4hus/dev/B3b-radpro/exampleB3.out">
			<Option virtualFolder="CMake Files\"/>
		</Unit>
		<Unit filename="/home/lubuntu/phong/geant4hus/dev/B3b-radpro/init_vis.mac">
			<Option virtualFolder="CMake Files\"/>
		</Unit>
		<Unit filename="/home/lubuntu/phong/geant4hus/dev/B3b-radpro/run1.mac">
			<Option virtualFolder="CMake Files\"/>
		</Unit>
		<Unit filename="/home/lubuntu/phong/geant4hus/dev/B3b-radpro/run2.mac">
			<Option virtualFolder="CMake Files\"/>
		</Unit>
		<Unit filename="/home/lubuntu/phong/geant4hus/dev/B3b-radpro/vis.mac">
			<Option virtualFolder="CMake Files\"/>
		</Unit>
		<Unit filename="/home/lubuntu/phong/geant4hus/dev/B3b-radpro/../../../../geant4install/lib/Geant4-10.6.1/G4EXPATShim.cmake">
			<Option virtualFolder="CMake Files\..\..\..\..\geant4install\lib\Geant4-10.6.1\"/>
		</Unit>
		<Unit filename="/home/lubuntu/phong/geant4hus/dev/B3b-radpro/../../../../geant4install/lib/Geant4-10.6.1/G4MotifShim.cmake">
			<Option virtualFolder="CMake Files\..\..\..\..\geant4install\lib\Geant4-10.6.1\"/>
		</Unit>
		<Unit filename="/home/lubuntu/phong/geant4hus/dev/B3b-radpro/../../../../geant4install/lib/Geant4-10.6.1/G4X11Shim.cmake">
			<Option virtualFolder="CMake Files\..\..\..\..\geant4install\lib\Geant4-10.6.1\"/>
		</Unit>
		<Unit filename="/home/lubuntu/phong/geant4hus/dev/B3b-radpro/../../../../geant4install/lib/Geant4-10.6.1/Geant4Config.cmake">
			<Option virtualFolder="CMake Files\..\..\..\..\geant4install\lib\Geant4-10.6.1\"/>
		</Unit>
		<Unit filename="/home/lubuntu/phong/geant4hus/dev/B3b-radpro/../../../../geant4install/lib/Geant4-10.6.1/Geant4ConfigVersion.cmake">
			<Option virtualFolder="CMake Files\..\..\..\..\geant4install\lib\Geant4-10.6.1\"/>
		</Unit>
		<Unit filename="/home/lubuntu/phong/geant4hus/dev/B3b-radpro/../../../../geant4install/lib/Geant4-10.6.1/Geant4LibraryDepends-release.cmake">
			<Option virtualFolder="CMake Files\..\..\..\..\geant4install\lib\Geant4-10.6.1\"/>
		</Unit>
		<Unit filename="/home/lubuntu/phong/geant4hus/dev/B3b-radpro/../../../../geant4install/lib/Geant4-10.6.1/Geant4LibraryDepends.cmake">
			<Option virtualFolder="CMake Files\..\..\..\..\geant4install\lib\Geant4-10.6.1\"/>
		</Unit>
		<Unit filename="/home/lubuntu/phong/geant4hus/dev/B3b-radpro/../../../../geant4install/lib/Geant4-10.6.1/Geant4PackageCache.cmake">
			<Option virtualFolder="CMake Files\..\..\..\..\geant4install\lib\Geant4-10.6.1\"/>
		</Unit>
		<Unit filename="/home/lubuntu/phong/geant4hus/dev/B3b-radpro/../../../../geant4install/lib/Geant4-10.6.1/UseGeant4.cmake">
			<Option virtualFolder="CMake Files\..\..\..\..\geant4install\lib\Geant4-10.6.1\"/>
		</Unit>
		<Unit filename="/home/lubuntu/phong/geant4hus/dev/B3b-radpro/../../../../geant4install/lib/Geant4-10.6.1/Modules/IntelCompileFeatures.cmake">
			<Option virtualFolder="CMake Files\..\..\..\..\geant4install\lib\Geant4-10.6.1\Modules\"/>
		</Unit>
		<Unit filename="/home/lubuntu/phong/geant4hus/dev/B3b-radpro/../../../../geant4install/lib/Geant4-10.6.1/Modules/MSVCCompileFeatures.cmake">
			<Option virtualFolder="CMake Files\..\..\..\..\geant4install\lib\Geant4-10.6.1\Modules\"/>
		</Unit>
	</Project>
</CodeBlocks_project_file>
